// !$*UTF8*$!
{
	archiveVersion = 1;
	classes = {
	};
	objectVersion = 46;
	objects = {

/* Begin PBXBuildFile section */
		20A88C491EB8BABB00A72B5C /* GoogleService-Info.plist in Resources */ = {isa = PBXBuildFile; fileRef = 20A88C481EB8BABB00A72B5C /* GoogleService-Info.plist */; };
		20BF3D4D1E858090005979F3 /* AppDelegate.swift in Sources */ = {isa = PBXBuildFile; fileRef = 20BF3D4C1E858090005979F3 /* AppDelegate.swift */; };
		20BF3D4F1E858090005979F3 /* LoginViewController.swift in Sources */ = {isa = PBXBuildFile; fileRef = 20BF3D4E1E858090005979F3 /* LoginViewController.swift */; };
		20BF3D521E858090005979F3 /* Main.storyboard in Resources */ = {isa = PBXBuildFile; fileRef = 20BF3D501E858090005979F3 /* Main.storyboard */; };
		20BF3D541E858090005979F3 /* Assets.xcassets in Resources */ = {isa = PBXBuildFile; fileRef = 20BF3D531E858090005979F3 /* Assets.xcassets */; };
		20BF3D571E858090005979F3 /* LaunchScreen.storyboard in Resources */ = {isa = PBXBuildFile; fileRef = 20BF3D551E858090005979F3 /* LaunchScreen.storyboard */; };
		31689B221EC6056D00AC52DC /* LectureTableViewCell.swift in Sources */ = {isa = PBXBuildFile; fileRef = 31689B211EC6056C00AC52DC /* LectureTableViewCell.swift */; };
		31882F791E8E93780043CBA1 /* SignUpViewController.swift in Sources */ = {isa = PBXBuildFile; fileRef = 31882F781E8E93780043CBA1 /* SignUpViewController.swift */; };
		31882F7B1E8E940C0043CBA1 /* SessionViewController.swift in Sources */ = {isa = PBXBuildFile; fileRef = 31882F7A1E8E940C0043CBA1 /* SessionViewController.swift */; };
		31882F7F1E8E94CB0043CBA1 /* TutorLecturesViewController.swift in Sources */ = {isa = PBXBuildFile; fileRef = 31882F7E1E8E94CB0043CBA1 /* TutorLecturesViewController.swift */; };
		31882F811E8E951E0043CBA1 /* TutorCreateLectureViewController.swift in Sources */ = {isa = PBXBuildFile; fileRef = 31882F801E8E951E0043CBA1 /* TutorCreateLectureViewController.swift */; };
		31882F831E8E95680043CBA1 /* TutorLectureStatusViewController.swift in Sources */ = {isa = PBXBuildFile; fileRef = 31882F821E8E95680043CBA1 /* TutorLectureStatusViewController.swift */; };
		318C9C8B1EC7304600C850E6 /* SimpleTitleCell.swift in Sources */ = {isa = PBXBuildFile; fileRef = 318C9C8A1EC7304600C850E6 /* SimpleTitleCell.swift */; };
		318C9C8D1EC734AB00C850E6 /* dateTimeEntryCell.swift in Sources */ = {isa = PBXBuildFile; fileRef = 318C9C8C1EC734AB00C850E6 /* dateTimeEntryCell.swift */; };
		318C9C8F1EC7389200C850E6 /* TextEntryCell.swift in Sources */ = {isa = PBXBuildFile; fileRef = 318C9C8E1EC7389200C850E6 /* TextEntryCell.swift */; };
		5E7B49641276D0ACBBC8CD6D /* Pods_Live_Lecture_Feedback.framework in Frameworks */ = {isa = PBXBuildFile; fileRef = 5517A1F727BE3F2167B97DE2 /* Pods_Live_Lecture_Feedback.framework */; };
/* End PBXBuildFile section */

/* Begin PBXFileReference section */
		20A88C481EB8BABB00A72B5C /* GoogleService-Info.plist */ = {isa = PBXFileReference; fileEncoding = 4; lastKnownFileType = text.plist.xml; path = "GoogleService-Info.plist"; sourceTree = "<group>"; };
		20BF3D491E858090005979F3 /* Live Lecture Feedback.app */ = {isa = PBXFileReference; explicitFileType = wrapper.application; includeInIndex = 0; path = "Live Lecture Feedback.app"; sourceTree = BUILT_PRODUCTS_DIR; };
		20BF3D4C1E858090005979F3 /* AppDelegate.swift */ = {isa = PBXFileReference; lastKnownFileType = sourcecode.swift; path = AppDelegate.swift; sourceTree = "<group>"; };
		20BF3D4E1E858090005979F3 /* LoginViewController.swift */ = {isa = PBXFileReference; lastKnownFileType = sourcecode.swift; path = LoginViewController.swift; sourceTree = "<group>"; };
		20BF3D511E858090005979F3 /* Base */ = {isa = PBXFileReference; lastKnownFileType = file.storyboard; name = Base; path = Base.lproj/Main.storyboard; sourceTree = "<group>"; };
		20BF3D531E858090005979F3 /* Assets.xcassets */ = {isa = PBXFileReference; lastKnownFileType = folder.assetcatalog; path = Assets.xcassets; sourceTree = "<group>"; };
		20BF3D561E858090005979F3 /* Base */ = {isa = PBXFileReference; lastKnownFileType = file.storyboard; name = Base; path = Base.lproj/LaunchScreen.storyboard; sourceTree = "<group>"; };
		20BF3D581E858090005979F3 /* Info.plist */ = {isa = PBXFileReference; lastKnownFileType = text.plist.xml; path = Info.plist; sourceTree = "<group>"; };
		31689B211EC6056C00AC52DC /* LectureTableViewCell.swift */ = {isa = PBXFileReference; fileEncoding = 4; lastKnownFileType = sourcecode.swift; path = LectureTableViewCell.swift; sourceTree = "<group>"; };
		31882F781E8E93780043CBA1 /* SignUpViewController.swift */ = {isa = PBXFileReference; fileEncoding = 4; lastKnownFileType = sourcecode.swift; path = SignUpViewController.swift; sourceTree = "<group>"; };
		31882F7A1E8E940C0043CBA1 /* SessionViewController.swift */ = {isa = PBXFileReference; fileEncoding = 4; lastKnownFileType = sourcecode.swift; path = SessionViewController.swift; sourceTree = "<group>"; };
		31882F7E1E8E94CB0043CBA1 /* TutorLecturesViewController.swift */ = {isa = PBXFileReference; fileEncoding = 4; lastKnownFileType = sourcecode.swift; path = TutorLecturesViewController.swift; sourceTree = "<group>"; };
		31882F801E8E951E0043CBA1 /* TutorCreateLectureViewController.swift */ = {isa = PBXFileReference; fileEncoding = 4; lastKnownFileType = sourcecode.swift; path = TutorCreateLectureViewController.swift; sourceTree = "<group>"; };
		31882F821E8E95680043CBA1 /* TutorLectureStatusViewController.swift */ = {isa = PBXFileReference; fileEncoding = 4; lastKnownFileType = sourcecode.swift; path = TutorLectureStatusViewController.swift; sourceTree = "<group>"; };
		318C9C8A1EC7304600C850E6 /* SimpleTitleCell.swift */ = {isa = PBXFileReference; fileEncoding = 4; lastKnownFileType = sourcecode.swift; path = SimpleTitleCell.swift; sourceTree = "<group>"; };
		318C9C8C1EC734AB00C850E6 /* dateTimeEntryCell.swift */ = {isa = PBXFileReference; fileEncoding = 4; lastKnownFileType = sourcecode.swift; path = dateTimeEntryCell.swift; sourceTree = "<group>"; };
		318C9C8E1EC7389200C850E6 /* TextEntryCell.swift */ = {isa = PBXFileReference; fileEncoding = 4; lastKnownFileType = sourcecode.swift; path = TextEntryCell.swift; sourceTree = "<group>"; };
		5517A1F727BE3F2167B97DE2 /* Pods_Live_Lecture_Feedback.framework */ = {isa = PBXFileReference; explicitFileType = wrapper.framework; includeInIndex = 0; path = Pods_Live_Lecture_Feedback.framework; sourceTree = BUILT_PRODUCTS_DIR; };
		80ABBFD82371709AD3A9AC45 /* Pods-Live Lecture Feedback.debug.xcconfig */ = {isa = PBXFileReference; includeInIndex = 1; lastKnownFileType = text.xcconfig; name = "Pods-Live Lecture Feedback.debug.xcconfig"; path = "Pods/Target Support Files/Pods-Live Lecture Feedback/Pods-Live Lecture Feedback.debug.xcconfig"; sourceTree = "<group>"; };
		BA5D9A35DF3B7420C52E458A /* Pods-Live Lecture Feedback.release.xcconfig */ = {isa = PBXFileReference; includeInIndex = 1; lastKnownFileType = text.xcconfig; name = "Pods-Live Lecture Feedback.release.xcconfig"; path = "Pods/Target Support Files/Pods-Live Lecture Feedback/Pods-Live Lecture Feedback.release.xcconfig"; sourceTree = "<group>"; };
/* End PBXFileReference section */

/* Begin PBXFrameworksBuildPhase section */
		20BF3D461E85808F005979F3 /* Frameworks */ = {
			isa = PBXFrameworksBuildPhase;
			buildActionMask = 2147483647;
			files = (
				5E7B49641276D0ACBBC8CD6D /* Pods_Live_Lecture_Feedback.framework in Frameworks */,
			);
			runOnlyForDeploymentPostprocessing = 0;
		};
/* End PBXFrameworksBuildPhase section */

/* Begin PBXGroup section */
		20BF3D401E85808F005979F3 = {
			isa = PBXGroup;
			children = (
				20BF3D4B1E858090005979F3 /* Live Lecture Feedback */,
				20BF3D4A1E858090005979F3 /* Products */,
				CE9BCD1B2469A1EB7619C726 /* Pods */,
				4A9979D15036467C169ABF80 /* Frameworks */,
			);
			sourceTree = "<group>";
		};
		20BF3D4A1E858090005979F3 /* Products */ = {
			isa = PBXGroup;
			children = (
				20BF3D491E858090005979F3 /* Live Lecture Feedback.app */,
			);
			name = Products;
			sourceTree = "<group>";
		};
		20BF3D4B1E858090005979F3 /* Live Lecture Feedback */ = {
			isa = PBXGroup;
			children = (
				20A88C481EB8BABB00A72B5C /* GoogleService-Info.plist */,
				20BF3D4C1E858090005979F3 /* AppDelegate.swift */,
				20BF3D4E1E858090005979F3 /* LoginViewController.swift */,
				31882F781E8E93780043CBA1 /* SignUpViewController.swift */,
				31882F7A1E8E940C0043CBA1 /* SessionViewController.swift */,
				31882F7E1E8E94CB0043CBA1 /* TutorLecturesViewController.swift */,
				31882F801E8E951E0043CBA1 /* TutorCreateLectureViewController.swift */,
				31882F821E8E95680043CBA1 /* TutorLectureStatusViewController.swift */,
				20BF3D501E858090005979F3 /* Main.storyboard */,
				318C9C8A1EC7304600C850E6 /* SimpleTitleCell.swift */,
				318C9C8C1EC734AB00C850E6 /* dateTimeEntryCell.swift */,
				318C9C8E1EC7389200C850E6 /* TextEntryCell.swift */,
				31689B211EC6056C00AC52DC /* LectureTableViewCell.swift */,
				20BF3D531E858090005979F3 /* Assets.xcassets */,
				20BF3D551E858090005979F3 /* LaunchScreen.storyboard */,
				20BF3D581E858090005979F3 /* Info.plist */,
			);
			path = "Live Lecture Feedback";
			sourceTree = "<group>";
		};
		4A9979D15036467C169ABF80 /* Frameworks */ = {
			isa = PBXGroup;
			children = (
				5517A1F727BE3F2167B97DE2 /* Pods_Live_Lecture_Feedback.framework */,
			);
			name = Frameworks;
			sourceTree = "<group>";
		};
		CE9BCD1B2469A1EB7619C726 /* Pods */ = {
			isa = PBXGroup;
			children = (
				80ABBFD82371709AD3A9AC45 /* Pods-Live Lecture Feedback.debug.xcconfig */,
				BA5D9A35DF3B7420C52E458A /* Pods-Live Lecture Feedback.release.xcconfig */,
			);
			name = Pods;
			sourceTree = "<group>";
		};
/* End PBXGroup section */

/* Begin PBXNativeTarget section */
		20BF3D481E85808F005979F3 /* Live Lecture Feedback */ = {
			isa = PBXNativeTarget;
			buildConfigurationList = 20BF3D5B1E858090005979F3 /* Build configuration list for PBXNativeTarget "Live Lecture Feedback" */;
			buildPhases = (
				38506AF5FFE0CF4477D413BC /* [CP] Check Pods Manifest.lock */,
				20BF3D451E85808F005979F3 /* Sources */,
				20BF3D461E85808F005979F3 /* Frameworks */,
				20BF3D471E85808F005979F3 /* Resources */,
				7AD97166AFBC0F5AA7B3449F /* [CP] Embed Pods Frameworks */,
				0A5FEC83B1B7DF7DF80D5516 /* [CP] Copy Pods Resources */,
			);
			buildRules = (
			);
			dependencies = (
			);
			name = "Live Lecture Feedback";
			productName = "Live Lecture Feedback";
			productReference = 20BF3D491E858090005979F3 /* Live Lecture Feedback.app */;
			productType = "com.apple.product-type.application";
		};
/* End PBXNativeTarget section */

/* Begin PBXProject section */
		20BF3D411E85808F005979F3 /* Project object */ = {
			isa = PBXProject;
			attributes = {
				LastSwiftUpdateCheck = 0820;
				LastUpgradeCheck = 0820;
				ORGANIZATIONNAME = Devtography;
				TargetAttributes = {
					20BF3D481E85808F005979F3 = {
						CreatedOnToolsVersion = 8.2.1;
						ProvisioningStyle = Automatic;
					};
				};
			};
			buildConfigurationList = 20BF3D441E85808F005979F3 /* Build configuration list for PBXProject "Live Lecture Feedback" */;
			compatibilityVersion = "Xcode 3.2";
			developmentRegion = English;
			hasScannedForEncodings = 0;
			knownRegions = (
				en,
				Base,
			);
			mainGroup = 20BF3D401E85808F005979F3;
			productRefGroup = 20BF3D4A1E858090005979F3 /* Products */;
			projectDirPath = "";
			projectRoot = "";
			targets = (
				20BF3D481E85808F005979F3 /* Live Lecture Feedback */,
			);
		};
/* End PBXProject section */

/* Begin PBXResourcesBuildPhase section */
		20BF3D471E85808F005979F3 /* Resources */ = {
			isa = PBXResourcesBuildPhase;
			buildActionMask = 2147483647;
			files = (
				20BF3D571E858090005979F3 /* LaunchScreen.storyboard in Resources */,
				20A88C491EB8BABB00A72B5C /* GoogleService-Info.plist in Resources */,
				20BF3D541E858090005979F3 /* Assets.xcassets in Resources */,
				20BF3D521E858090005979F3 /* Main.storyboard in Resources */,
			);
			runOnlyForDeploymentPostprocessing = 0;
		};
/* End PBXResourcesBuildPhase section */

/* Begin PBXShellScriptBuildPhase section */
		0A5FEC83B1B7DF7DF80D5516 /* [CP] Copy Pods Resources */ = {
			isa = PBXShellScriptBuildPhase;
			buildActionMask = 2147483647;
			files = (
			);
			inputPaths = (
			);
			name = "[CP] Copy Pods Resources";
			outputPaths = (
			);
			runOnlyForDeploymentPostprocessing = 0;
			shellPath = /bin/sh;
			shellScript = "\"${SRCROOT}/Pods/Target Support Files/Pods-Live Lecture Feedback/Pods-Live Lecture Feedback-resources.sh\"\n";
			showEnvVarsInLog = 0;
		};
		38506AF5FFE0CF4477D413BC /* [CP] Check Pods Manifest.lock */ = {
			isa = PBXShellScriptBuildPhase;
			buildActionMask = 2147483647;
			files = (
			);
			inputPaths = (
			);
			name = "[CP] Check Pods Manifest.lock";
			outputPaths = (
			);
			runOnlyForDeploymentPostprocessing = 0;
			shellPath = /bin/sh;
			shellScript = "diff \"${PODS_PODFILE_DIR_PATH}/Podfile.lock\" \"${PODS_ROOT}/Manifest.lock\" > /dev/null\nif [ $? != 0 ] ; then\n    # print error to STDERR\n    echo \"error: The sandbox is not in sync with the Podfile.lock. Run 'pod install' or update your CocoaPods installation.\" >&2\n    exit 1\nfi\n";
			showEnvVarsInLog = 0;
		};
		7AD97166AFBC0F5AA7B3449F /* [CP] Embed Pods Frameworks */ = {
			isa = PBXShellScriptBuildPhase;
			buildActionMask = 2147483647;
			files = (
			);
			inputPaths = (
			);
			name = "[CP] Embed Pods Frameworks";
			outputPaths = (
			);
			runOnlyForDeploymentPostprocessing = 0;
			shellPath = /bin/sh;
			shellScript = "\"${SRCROOT}/Pods/Target Support Files/Pods-Live Lecture Feedback/Pods-Live Lecture Feedback-frameworks.sh\"\n";
			showEnvVarsInLog = 0;
		};
/* End PBXShellScriptBuildPhase section */

/* Begin PBXSourcesBuildPhase section */
		20BF3D451E85808F005979F3 /* Sources */ = {
			isa = PBXSourcesBuildPhase;
			buildActionMask = 2147483647;
			files = (
				20BF3D4F1E858090005979F3 /* LoginViewController.swift in Sources */,
				31882F7F1E8E94CB0043CBA1 /* TutorLecturesViewController.swift in Sources */,
				318C9C8B1EC7304600C850E6 /* SimpleTitleCell.swift in Sources */,
				318C9C8F1EC7389200C850E6 /* TextEntryCell.swift in Sources */,
				31882F811E8E951E0043CBA1 /* TutorCreateLectureViewController.swift in Sources */,
				20BF3D4D1E858090005979F3 /* AppDelegate.swift in Sources */,
				31689B221EC6056D00AC52DC /* LectureTableViewCell.swift in Sources */,
				31882F791E8E93780043CBA1 /* SignUpViewController.swift in Sources */,
				318C9C8D1EC734AB00C850E6 /* dateTimeEntryCell.swift in Sources */,
				31882F831E8E95680043CBA1 /* TutorLectureStatusViewController.swift in Sources */,
				31882F7B1E8E940C0043CBA1 /* SessionViewController.swift in Sources */,
			);
			runOnlyForDeploymentPostprocessing = 0;
		};
/* End PBXSourcesBuildPhase section */

/* Begin PBXVariantGroup section */
		20BF3D501E858090005979F3 /* Main.storyboard */ = {
			isa = PBXVariantGroup;
			children = (
				20BF3D511E858090005979F3 /* Base */,
			);
			name = Main.storyboard;
			sourceTree = "<group>";
		};
		20BF3D551E858090005979F3 /* LaunchScreen.storyboard */ = {
			isa = PBXVariantGroup;
			children = (
				20BF3D561E858090005979F3 /* Base */,
			);
			name = LaunchScreen.storyboard;
			sourceTree = "<group>";
		};
/* End PBXVariantGroup section */

/* Begin XCBuildConfiguration section */
		20BF3D591E858090005979F3 /* Debug */ = {
			isa = XCBuildConfiguration;
			buildSettings = {
				ALWAYS_SEARCH_USER_PATHS = NO;
				CLANG_ANALYZER_NONNULL = YES;
				CLANG_CXX_LANGUAGE_STANDARD = "gnu++0x";
				CLANG_CXX_LIBRARY = "libc++";
				CLANG_ENABLE_MODULES = YES;
				CLANG_ENABLE_OBJC_ARC = YES;
				CLANG_WARN_BOOL_CONVERSION = YES;
				CLANG_WARN_CONSTANT_CONVERSION = YES;
				CLANG_WARN_DIRECT_OBJC_ISA_USAGE = YES_ERROR;
				CLANG_WARN_DOCUMENTATION_COMMENTS = YES;
				CLANG_WARN_EMPTY_BODY = YES;
				CLANG_WARN_ENUM_CONVERSION = YES;
				CLANG_WARN_INFINITE_RECURSION = YES;
				CLANG_WARN_INT_CONVERSION = YES;
				CLANG_WARN_OBJC_ROOT_CLASS = YES_ERROR;
				CLANG_WARN_SUSPICIOUS_MOVE = YES;
				CLANG_WARN_UNREACHABLE_CODE = YES;
				CLANG_WARN__DUPLICATE_METHOD_MATCH = YES;
				"CODE_SIGN_IDENTITY[sdk=iphoneos*]" = "iPhone Developer";
				COPY_PHASE_STRIP = NO;
				DEBUG_INFORMATION_FORMAT = dwarf;
				ENABLE_STRICT_OBJC_MSGSEND = YES;
				ENABLE_TESTABILITY = YES;
				GCC_C_LANGUAGE_STANDARD = gnu99;
				GCC_DYNAMIC_NO_PIC = NO;
				GCC_NO_COMMON_BLOCKS = YES;
				GCC_OPTIMIZATION_LEVEL = 0;
				GCC_PREPROCESSOR_DEFINITIONS = (
					"DEBUG=1",
					"$(inherited)",
				);
				GCC_WARN_64_TO_32_BIT_CONVERSION = YES;
				GCC_WARN_ABOUT_RETURN_TYPE = YES_ERROR;
				GCC_WARN_UNDECLARED_SELECTOR = YES;
				GCC_WARN_UNINITIALIZED_AUTOS = YES_AGGRESSIVE;
				GCC_WARN_UNUSED_FUNCTION = YES;
				GCC_WARN_UNUSED_VARIABLE = YES;
				IPHONEOS_DEPLOYMENT_TARGET = 10.2;
				MTL_ENABLE_DEBUG_INFO = YES;
				ONLY_ACTIVE_ARCH = YES;
				SDKROOT = iphoneos;
				SWIFT_ACTIVE_COMPILATION_CONDITIONS = DEBUG;
				SWIFT_OPTIMIZATION_LEVEL = "-Onone";
				TARGETED_DEVICE_FAMILY = "1,2";
			};
			name = Debug;
		};
		20BF3D5A1E858090005979F3 /* Release */ = {
			isa = XCBuildConfiguration;
			buildSettings = {
				ALWAYS_SEARCH_USER_PATHS = NO;
				CLANG_ANALYZER_NONNULL = YES;
				CLANG_CXX_LANGUAGE_STANDARD = "gnu++0x";
				CLANG_CXX_LIBRARY = "libc++";
				CLANG_ENABLE_MODULES = YES;
				CLANG_ENABLE_OBJC_ARC = YES;
				CLANG_WARN_BOOL_CONVERSION = YES;
				CLANG_WARN_CONSTANT_CONVERSION = YES;
				CLANG_WARN_DIRECT_OBJC_ISA_USAGE = YES_ERROR;
				CLANG_WARN_DOCUMENTATION_COMMENTS = YES;
				CLANG_WARN_EMPTY_BODY = YES;
				CLANG_WARN_ENUM_CONVERSION = YES;
				CLANG_WARN_INFINITE_RECURSION = YES;
				CLANG_WARN_INT_CONVERSION = YES;
				CLANG_WARN_OBJC_ROOT_CLASS = YES_ERROR;
				CLANG_WARN_SUSPICIOUS_MOVE = YES;
				CLANG_WARN_UNREACHABLE_CODE = YES;
				CLANG_WARN__DUPLICATE_METHOD_MATCH = YES;
				"CODE_SIGN_IDENTITY[sdk=iphoneos*]" = "iPhone Developer";
				COPY_PHASE_STRIP = NO;
				DEBUG_INFORMATION_FORMAT = "dwarf-with-dsym";
				ENABLE_NS_ASSERTIONS = NO;
				ENABLE_STRICT_OBJC_MSGSEND = YES;
				GCC_C_LANGUAGE_STANDARD = gnu99;
				GCC_NO_COMMON_BLOCKS = YES;
				GCC_WARN_64_TO_32_BIT_CONVERSION = YES;
				GCC_WARN_ABOUT_RETURN_TYPE = YES_ERROR;
				GCC_WARN_UNDECLARED_SELECTOR = YES;
				GCC_WARN_UNINITIALIZED_AUTOS = YES_AGGRESSIVE;
				GCC_WARN_UNUSED_FUNCTION = YES;
				GCC_WARN_UNUSED_VARIABLE = YES;
				IPHONEOS_DEPLOYMENT_TARGET = 10.2;
				MTL_ENABLE_DEBUG_INFO = NO;
				SDKROOT = iphoneos;
				SWIFT_OPTIMIZATION_LEVEL = "-Owholemodule";
				TARGETED_DEVICE_FAMILY = "1,2";
				VALIDATE_PRODUCT = YES;
			};
			name = Release;
		};
		20BF3D5C1E858090005979F3 /* Debug */ = {
			isa = XCBuildConfiguration;
			baseConfigurationReference = 80ABBFD82371709AD3A9AC45 /* Pods-Live Lecture Feedback.debug.xcconfig */;
			buildSettings = {
				ASSETCATALOG_COMPILER_APPICON_NAME = AppIcon;
				INFOPLIST_FILE = "Live Lecture Feedback/Info.plist";
				LD_RUNPATH_SEARCH_PATHS = "$(inherited) @executable_path/Frameworks";
				PRODUCT_BUNDLE_IDENTIFIER = com.devtography.LiveLectureFeedback;
				PRODUCT_NAME = "$(TARGET_NAME)";
				SWIFT_VERSION = 3.0;
			};
			name = Debug;
		};
		20BF3D5D1E858090005979F3 /* Release */ = {
			isa = XCBuildConfiguration;
			baseConfigurationReference = BA5D9A35DF3B7420C52E458A /* Pods-Live Lecture Feedback.release.xcconfig */;
			buildSettings = {
				ASSETCATALOG_COMPILER_APPICON_NAME = AppIcon;
				INFOPLIST_FILE = "Live Lecture Feedback/Info.plist";
				LD_RUNPATH_SEARCH_PATHS = "$(inherited) @executable_path/Frameworks";
				PRODUCT_BUNDLE_IDENTIFIER = com.devtography.LiveLectureFeedback;
				PRODUCT_NAME = "$(TARGET_NAME)";
				SWIFT_VERSION = 3.0;
			};
			name = Release;
		};
/* End XCBuildConfiguration section */

/* Begin XCConfigurationList section */
		20BF3D441E85808F005979F3 /* Build configuration list for PBXProject "Live Lecture Feedback" */ = {
			isa = XCConfigurationList;
			buildConfigurations = (
				20BF3D591E858090005979F3 /* Debug */,
				20BF3D5A1E858090005979F3 /* Release */,
			);
			defaultConfigurationIsVisible = 0;
			defaultConfigurationName = Release;
		};
		20BF3D5B1E858090005979F3 /* Build configuration list for PBXNativeTarget "Live Lecture Feedback" */ = {
			isa = XCConfigurationList;
			buildConfigurations = (
				20BF3D5C1E858090005979F3 /* Debug */,
				20BF3D5D1E858090005979F3 /* Release */,
			);
			defaultConfigurationIsVisible = 0;
			defaultConfigurationName = Release;
		};
/* End XCConfigurationList section */
	};
	rootObject = 20BF3D411E85808F005979F3 /* Project object */;
}
